
Microsoft Visual Studio Solution File, Format Version 12.00
# Visual Studio Version 16
VisualStudioVersion = 16.0.33423.256
MinimumVisualStudioVersion = 10.0.40219.1
Project("{8BC9CEB8-8B4A-11D0-8D11-00A0C91BC942}") = "DLLInject", "DLLInject\DLLInject.vcxproj", "{E2CF73D4-F931-487B-B75C-49D803449423}"
EndProject
Project("{2150E333-8FDC-42A3-9474-1A3956D46DE8}") = "DebugProj", "DebugProj", "{14ECB145-066E-4A8C-ACDA-A22EEB502621}"
EndProject
Project("{8BC9CEB8-8B4A-11D0-8D11-00A0C91BC942}") = "Utils", "DebugProj\Utils\Utils.vcxproj", "{FCB0E4BA-709A-4FEF-84DE-7D43BC0C9CE9}"
EndProject
Project("{8BC9CEB8-8B4A-11D0-8D11-00A0C91BC942}") = "SymbolLoadDLL", "DebugProj\SymbolLoadDLL\SymbolLoadDLL.vcxproj", "{DCFD6ED7-B72A-488B-AEFD-0CD06FB6E327}"
	ProjectSection(ProjectDependencies) = postProject
		{FCB0E4BA-709A-4FEF-84DE-7D43BC0C9CE9} = {FCB0E4BA-709A-4FEF-84DE-7D43BC0C9CE9}
	EndProjectSection
EndProject
Project("{8BC9CEB8-8B4A-11D0-8D11-00A0C91BC942}") = "TestAddDLL", "DebugProj\TestAddDLL\TestAddDLL.vcxproj", "{4E4ADD7E-4409-4D12-AE82-D69C6F8B4ED2}"
	ProjectSection(ProjectDependencies) = postProject
		{FCB0E4BA-709A-4FEF-84DE-7D43BC0C9CE9} = {FCB0E4BA-709A-4FEF-84DE-7D43BC0C9CE9}
	EndProjectSection
EndProject
Project("{2150E333-8FDC-42A3-9474-1A3956D46DE8}") = "TestApp", "TestApp", "{D812751E-ED5E-4395-85F9-EF087886CC8B}"
EndProject
Project("{8BC9CEB8-8B4A-11D0-8D11-00A0C91BC942}") = "TestApp", "TestApp\TestApp\TestApp.vcxproj", "{592559A7-EE90-4C44-A6F6-34D85DCBDC25}"
EndProject
Global
	GlobalSection(SolutionConfigurationPlatforms) = preSolution
		Debug|x64 = Debug|x64
		Debug|x86 = Debug|x86
		Release|x64 = Release|x64
		Release|x86 = Release|x86
	EndGlobalSection
	GlobalSection(ProjectConfigurationPlatforms) = postSolution
		{E2CF73D4-F931-487B-B75C-49D803449423}.Debug|x64.ActiveCfg = Debug|x64
		{E2CF73D4-F931-487B-B75C-49D803449423}.Debug|x64.Build.0 = Debug|x64
		{E2CF73D4-F931-487B-B75C-49D803449423}.Debug|x86.ActiveCfg = Debug|Win32
		{E2CF73D4-F931-487B-B75C-49D803449423}.Debug|x86.Build.0 = Debug|Win32
		{E2CF73D4-F931-487B-B75C-49D803449423}.Release|x64.ActiveCfg = Release|x64
		{E2CF73D4-F931-487B-B75C-49D803449423}.Release|x64.Build.0 = Release|x64
		{E2CF73D4-F931-487B-B75C-49D803449423}.Release|x86.ActiveCfg = Release|Win32
		{E2CF73D4-F931-487B-B75C-49D803449423}.Release|x86.Build.0 = Release|Win32
		{FCB0E4BA-709A-4FEF-84DE-7D43BC0C9CE9}.Debug|x64.ActiveCfg = Debug|x64
		{FCB0E4BA-709A-4FEF-84DE-7D43BC0C9CE9}.Debug|x64.Build.0 = Debug|x64
		{FCB0E4BA-709A-4FEF-84DE-7D43BC0C9CE9}.Debug|x86.ActiveCfg = Debug|Win32
		{FCB0E4BA-709A-4FEF-84DE-7D43BC0C9CE9}.Debug|x86.Build.0 = Debug|Win32
		{FCB0E4BA-709A-4FEF-84DE-7D43BC0C9CE9}.Release|x64.ActiveCfg = Release|x64
		{FCB0E4BA-709A-4FEF-84DE-7D43BC0C9CE9}.Release|x64.Build.0 = Release|x64
		{FCB0E4BA-709A-4FEF-84DE-7D43BC0C9CE9}.Release|x86.ActiveCfg = Release|Win32
		{FCB0E4BA-709A-4FEF-84DE-7D43BC0C9CE9}.Release|x86.Build.0 = Release|Win32
		{DCFD6ED7-B72A-488B-AEFD-0CD06FB6E327}.Debug|x64.ActiveCfg = Debug|x64
		{DCFD6ED7-B72A-488B-AEFD-0CD06FB6E327}.Debug|x64.Build.0 = Debug|x64
		{DCFD6ED7-B72A-488B-AEFD-0CD06FB6E327}.Debug|x86.ActiveCfg = Debug|Win32
		{DCFD6ED7-B72A-488B-AEFD-0CD06FB6E327}.Debug|x86.Build.0 = Debug|Win32
		{DCFD6ED7-B72A-488B-AEFD-0CD06FB6E327}.Release|x64.ActiveCfg = Release|x64
		{DCFD6ED7-B72A-488B-AEFD-0CD06FB6E327}.Release|x64.Build.0 = Release|x64
		{DCFD6ED7-B72A-488B-AEFD-0CD06FB6E327}.Release|x86.ActiveCfg = Release|Win32
		{DCFD6ED7-B72A-488B-AEFD-0CD06FB6E327}.Release|x86.Build.0 = Release|Win32
		{4E4ADD7E-4409-4D12-AE82-D69C6F8B4ED2}.Debug|x64.ActiveCfg = Debug|x64
		{4E4ADD7E-4409-4D12-AE82-D69C6F8B4ED2}.Debug|x64.Build.0 = Debug|x64
		{4E4ADD7E-4409-4D12-AE82-D69C6F8B4ED2}.Debug|x86.ActiveCfg = Debug|Win32
		{4E4ADD7E-4409-4D12-AE82-D69C6F8B4ED2}.Debug|x86.Build.0 = Debug|Win32
		{4E4ADD7E-4409-4D12-AE82-D69C6F8B4ED2}.Release|x64.ActiveCfg = Release|x64
		{4E4ADD7E-4409-4D12-AE82-D69C6F8B4ED2}.Release|x64.Build.0 = Release|x64
		{4E4ADD7E-4409-4D12-AE82-D69C6F8B4ED2}.Release|x86.ActiveCfg = Release|Win32
		{4E4ADD7E-4409-4D12-AE82-D69C6F8B4ED2}.Release|x86.Build.0 = Release|Win32
		{592559A7-EE90-4C44-A6F6-34D85DCBDC25}.Debug|x64.ActiveCfg = Debug|x64
		{592559A7-EE90-4C44-A6F6-34D85DCBDC25}.Debug|x64.Build.0 = Debug|x64
		{592559A7-EE90-4C44-A6F6-34D85DCBDC25}.Debug|x86.ActiveCfg = Debug|Win32
		{592559A7-EE90-4C44-A6F6-34D85DCBDC25}.Debug|x86.Build.0 = Debug|Win32
		{592559A7-EE90-4C44-A6F6-34D85DCBDC25}.Release|x64.ActiveCfg = Release|x64
		{592559A7-EE90-4C44-A6F6-34D85DCBDC25}.Release|x64.Build.0 = Release|x64
		{592559A7-EE90-4C44-A6F6-34D85DCBDC25}.Release|x86.ActiveCfg = Release|Win32
		{592559A7-EE90-4C44-A6F6-34D85DCBDC25}.Release|x86.Build.0 = Release|Win32
	EndGlobalSection
	GlobalSection(SolutionProperties) = preSolution
		HideSolutionNode = FALSE
	EndGlobalSection
	GlobalSection(NestedProjects) = preSolution
		{FCB0E4BA-709A-4FEF-84DE-7D43BC0C9CE9} = {14ECB145-066E-4A8C-ACDA-A22EEB502621}
		{DCFD6ED7-B72A-488B-AEFD-0CD06FB6E327} = {14ECB145-066E-4A8C-ACDA-A22EEB502621}
		{4E4ADD7E-4409-4D12-AE82-D69C6F8B4ED2} = {14ECB145-066E-4A8C-ACDA-A22EEB502621}
		{592559A7-EE90-4C44-A6F6-34D85DCBDC25} = {D812751E-ED5E-4395-85F9-EF087886CC8B}
	EndGlobalSection
	GlobalSection(ExtensibilityGlobals) = postSolution
		SolutionGuid = {5FCD5E85-626B-442A-B994-CD444447E1D9}
	EndGlobalSection
EndGlobal
